
Microsoft Visual Studio Solution File, Format Version 12.00
# Visual Studio 2013
VisualStudioVersion = 12.0.40629.0
MinimumVisualStudioVersion = 10.0.40219.1
Project("{FAE04EC0-301F-11D3-BF4B-00C04F79EFBC}") = "MuilVersionReferanceTest", "MuilVersionReferanceTest\MuilVersionReferanceTest.csproj", "{2F4FB0D3-A07D-4DA5-B7C5-EB9A97DF3E33}"
EndProject
Project("{FAE04EC0-301F-11D3-BF4B-00C04F79EFBC}") = "Validate", "Validate\Validate.csproj", "{F64D037D-4E2F-4136-8A29-707DAE35D3C1}"
EndProject
Project("{FAE04EC0-301F-11D3-BF4B-00C04F79EFBC}") = "EsDal", "EsDal\EsDal.csproj", "{F69C357E-E196-4320-88CF-8D3650B02C0D}"
EndProject
Project("{2150E333-8FDC-42A3-9474-1A3956D46DE8}") = "Lib", "Lib", "{E9838CF8-2A94-448D-98AD-1C005ADBBFDD}"
	ProjectSection(SolutionItems) = preProject
		Lib\Elasticsearch.Net.dll = Lib\Elasticsearch.Net.dll
		Lib\Nest.dll = Lib\Nest.dll
	EndProjectSection
EndProject
Project("{2150E333-8FDC-42A3-9474-1A3956D46DE8}") = "Newtonsfot.Json.6.0", "Newtonsfot.Json.6.0", "{405D8E5C-F95D-463E-B4BF-5C8D7FFC80E2}"
	ProjectSection(SolutionItems) = preProject
		Lib\Newtonsfot.Json.6.0\Newtonsoft.Json.dll = Lib\Newtonsfot.Json.6.0\Newtonsoft.Json.dll
	EndProjectSection
EndProject
Global
	GlobalSection(SolutionConfigurationPlatforms) = preSolution
		Debug|Any CPU = Debug|Any CPU
		Release|Any CPU = Release|Any CPU
	EndGlobalSection
	GlobalSection(ProjectConfigurationPlatforms) = postSolution
		{2F4FB0D3-A07D-4DA5-B7C5-EB9A97DF3E33}.Debug|Any CPU.ActiveCfg = Debug|Any CPU
		{2F4FB0D3-A07D-4DA5-B7C5-EB9A97DF3E33}.Debug|Any CPU.Build.0 = Debug|Any CPU
		{2F4FB0D3-A07D-4DA5-B7C5-EB9A97DF3E33}.Release|Any CPU.ActiveCfg = Release|Any CPU
		{2F4FB0D3-A07D-4DA5-B7C5-EB9A97DF3E33}.Release|Any CPU.Build.0 = Release|Any CPU
		{F64D037D-4E2F-4136-8A29-707DAE35D3C1}.Debug|Any CPU.ActiveCfg = Debug|Any CPU
		{F64D037D-4E2F-4136-8A29-707DAE35D3C1}.Debug|Any CPU.Build.0 = Debug|Any CPU
		{F64D037D-4E2F-4136-8A29-707DAE35D3C1}.Release|Any CPU.ActiveCfg = Release|Any CPU
		{F64D037D-4E2F-4136-8A29-707DAE35D3C1}.Release|Any CPU.Build.0 = Release|Any CPU
		{F69C357E-E196-4320-88CF-8D3650B02C0D}.Debug|Any CPU.ActiveCfg = Debug|Any CPU
		{F69C357E-E196-4320-88CF-8D3650B02C0D}.Debug|Any CPU.Build.0 = Debug|Any CPU
		{F69C357E-E196-4320-88CF-8D3650B02C0D}.Release|Any CPU.ActiveCfg = Release|Any CPU
		{F69C357E-E196-4320-88CF-8D3650B02C0D}.Release|Any CPU.Build.0 = Release|Any CPU
	EndGlobalSection
	GlobalSection(SolutionProperties) = preSolution
		HideSolutionNode = FALSE
	EndGlobalSection
	GlobalSection(NestedProjects) = preSolution
		{405D8E5C-F95D-463E-B4BF-5C8D7FFC80E2} = {E9838CF8-2A94-448D-98AD-1C005ADBBFDD}
	EndGlobalSection
EndGlobal
